// !$*UTF8*$!
{
	archiveVersion = 1;
	classes = {
	};
	objectVersion = 46;
	objects = {

/* Begin PBXBuildFile section */
		474911B91BBCB35B002D20B9 /* AppDelegate.swift in Sources */ = {isa = PBXBuildFile; fileRef = 474911B81BBCB35B002D20B9 /* AppDelegate.swift */; };
		474911BB1BBCB35B002D20B9 /* ViewController.swift in Sources */ = {isa = PBXBuildFile; fileRef = 474911BA1BBCB35B002D20B9 /* ViewController.swift */; };
		474911BE1BBCB35B002D20B9 /* Main.storyboard in Resources */ = {isa = PBXBuildFile; fileRef = 474911BC1BBCB35B002D20B9 /* Main.storyboard */; };
		474911C01BBCB35B002D20B9 /* Assets.xcassets in Resources */ = {isa = PBXBuildFile; fileRef = 474911BF1BBCB35B002D20B9 /* Assets.xcassets */; };
		474911C31BBCB35B002D20B9 /* LaunchScreen.storyboard in Resources */ = {isa = PBXBuildFile; fileRef = 474911C11BBCB35B002D20B9 /* LaunchScreen.storyboard */; };
		474911CE1BBCB35C002D20B9 /* CrayonTests.swift in Sources */ = {isa = PBXBuildFile; fileRef = 474911CD1BBCB35C002D20B9 /* CrayonTests.swift */; };
		474911D91BBCB35C002D20B9 /* CrayonUITests.swift in Sources */ = {isa = PBXBuildFile; fileRef = 474911D81BBCB35C002D20B9 /* CrayonUITests.swift */; };
		474911E71BBCBD02002D20B9 /* eraser.png in Resources */ = {isa = PBXBuildFile; fileRef = 474911E61BBCBD02002D20B9 /* eraser.png */; settings = {ASSET_TAGS = (); }; };
/* End PBXBuildFile section */

/* Begin PBXContainerItemProxy section */
		474911CA1BBCB35C002D20B9 /* PBXContainerItemProxy */ = {
			isa = PBXContainerItemProxy;
			containerPortal = 474911AD1BBCB35B002D20B9 /* Project object */;
			proxyType = 1;
			remoteGlobalIDString = 474911B41BBCB35B002D20B9;
			remoteInfo = Crayon;
		};
		474911D51BBCB35C002D20B9 /* PBXContainerItemProxy */ = {
			isa = PBXContainerItemProxy;
			containerPortal = 474911AD1BBCB35B002D20B9 /* Project object */;
			proxyType = 1;
			remoteGlobalIDString = 474911B41BBCB35B002D20B9;
			remoteInfo = Crayon;
		};
/* End PBXContainerItemProxy section */

/* Begin PBXFileReference section */
		474911B51BBCB35B002D20B9 /* Crayon.app */ = {isa = PBXFileReference; explicitFileType = wrapper.application; includeInIndex = 0; path = Crayon.app; sourceTree = BUILT_PRODUCTS_DIR; };
		474911B81BBCB35B002D20B9 /* AppDelegate.swift */ = {isa = PBXFileReference; lastKnownFileType = sourcecode.swift; path = AppDelegate.swift; sourceTree = "<group>"; };
		474911BA1BBCB35B002D20B9 /* ViewController.swift */ = {isa = PBXFileReference; lastKnownFileType = sourcecode.swift; path = ViewController.swift; sourceTree = "<group>"; };
		474911BD1BBCB35B002D20B9 /* Base */ = {isa = PBXFileReference; lastKnownFileType = file.storyboard; name = Base; path = Base.lproj/Main.storyboard; sourceTree = "<group>"; };
		474911BF1BBCB35B002D20B9 /* Assets.xcassets */ = {isa = PBXFileReference; lastKnownFileType = folder.assetcatalog; path = Assets.xcassets; sourceTree = "<group>"; };
		474911C21BBCB35B002D20B9 /* Base */ = {isa = PBXFileReference; lastKnownFileType = file.storyboard; name = Base; path = Base.lproj/LaunchScreen.storyboard; sourceTree = "<group>"; };
		474911C41BBCB35B002D20B9 /* Info.plist */ = {isa = PBXFileReference; lastKnownFileType = text.plist.xml; path = Info.plist; sourceTree = "<group>"; };
		474911C91BBCB35C002D20B9 /* CrayonTests.xctest */ = {isa = PBXFileReference; explicitFileType = wrapper.cfbundle; includeInIndex = 0; path = CrayonTests.xctest; sourceTree = BUILT_PRODUCTS_DIR; };
		474911CD1BBCB35C002D20B9 /* CrayonTests.swift */ = {isa = PBXFileReference; lastKnownFileType = sourcecode.swift; path = CrayonTests.swift; sourceTree = "<group>"; };
		474911CF1BBCB35C002D20B9 /* Info.plist */ = {isa = PBXFileReference; lastKnownFileType = text.plist.xml; path = Info.plist; sourceTree = "<group>"; };
		474911D41BBCB35C002D20B9 /* CrayonUITests.xctest */ = {isa = PBXFileReference; explicitFileType = wrapper.cfbundle; includeInIndex = 0; path = CrayonUITests.xctest; sourceTree = BUILT_PRODUCTS_DIR; };
		474911D81BBCB35C002D20B9 /* CrayonUITests.swift */ = {isa = PBXFileReference; lastKnownFileType = sourcecode.swift; path = CrayonUITests.swift; sourceTree = "<group>"; };
		474911DA1BBCB35C002D20B9 /* Info.plist */ = {isa = PBXFileReference; lastKnownFileType = text.plist.xml; path = Info.plist; sourceTree = "<group>"; };
		474911E61BBCBD02002D20B9 /* eraser.png */ = {isa = PBXFileReference; lastKnownFileType = image.png; path = eraser.png; sourceTree = "<group>"; };
/* End PBXFileReference section */

/* Begin PBXFrameworksBuildPhase section */
		474911B21BBCB35B002D20B9 /* Frameworks */ = {
			isa = PBXFrameworksBuildPhase;
			buildActionMask = 2147483647;
			files = (
			);
			runOnlyForDeploymentPostprocessing = 0;
		};
		474911C61BBCB35C002D20B9 /* Frameworks */ = {
			isa = PBXFrameworksBuildPhase;
			buildActionMask = 2147483647;
			files = (
			);
			runOnlyForDeploymentPostprocessing = 0;
		};
		474911D11BBCB35C002D20B9 /* Frameworks */ = {
			isa = PBXFrameworksBuildPhase;
			buildActionMask = 2147483647;
			files = (
			);
			runOnlyForDeploymentPostprocessing = 0;
		};
/* End PBXFrameworksBuildPhase section */

/* Begin PBXGroup section */
		474911AC1BBCB35B002D20B9 = {
			isa = PBXGroup;
			children = (
				474911B71BBCB35B002D20B9 /* Crayon */,
				474911CC1BBCB35C002D20B9 /* CrayonTests */,
				474911D71BBCB35C002D20B9 /* CrayonUITests */,
				474911B61BBCB35B002D20B9 /* Products */,
			);
			sourceTree = "<group>";
		};
		474911B61BBCB35B002D20B9 /* Products */ = {
			isa = PBXGroup;
			children = (
				474911B51BBCB35B002D20B9 /* Crayon.app */,
				474911C91BBCB35C002D20B9 /* CrayonTests.xctest */,
				474911D41BBCB35C002D20B9 /* CrayonUITests.xctest */,
			);
			name = Products;
			sourceTree = "<group>";
		};
		474911B71BBCB35B002D20B9 /* Crayon */ = {
			isa = PBXGroup;
			children = (
				474911E61BBCBD02002D20B9 /* eraser.png */,
				474911B81BBCB35B002D20B9 /* AppDelegate.swift */,
				474911BA1BBCB35B002D20B9 /* ViewController.swift */,
				474911BC1BBCB35B002D20B9 /* Main.storyboard */,
				474911BF1BBCB35B002D20B9 /* Assets.xcassets */,
				474911C11BBCB35B002D20B9 /* LaunchScreen.storyboard */,
				474911C41BBCB35B002D20B9 /* Info.plist */,
			);
			path = Crayon;
			sourceTree = "<group>";
		};
		474911CC1BBCB35C002D20B9 /* CrayonTests */ = {
			isa = PBXGroup;
			children = (
				474911CD1BBCB35C002D20B9 /* CrayonTests.swift */,
				474911CF1BBCB35C002D20B9 /* Info.plist */,
			);
			path = CrayonTests;
			sourceTree = "<group>";
		};
		474911D71BBCB35C002D20B9 /* CrayonUITests */ = {
			isa = PBXGroup;
			children = (
				474911D81BBCB35C002D20B9 /* CrayonUITests.swift */,
				474911DA1BBCB35C002D20B9 /* Info.plist */,
			);
			path = CrayonUITests;
			sourceTree = "<group>";
		};
/* End PBXGroup section */

/* Begin PBXNativeTarget section */
		474911B41BBCB35B002D20B9 /* Crayon */ = {
			isa = PBXNativeTarget;
			buildConfigurationList = 474911DD1BBCB35C002D20B9 /* Build configuration list for PBXNativeTarget "Crayon" */;
			buildPhases = (
				474911B11BBCB35B002D20B9 /* Sources */,
				474911B21BBCB35B002D20B9 /* Frameworks */,
				474911B31BBCB35B002D20B9 /* Resources */,
			);
			buildRules = (
			);
			dependencies = (
			);
			name = Crayon;
			productName = Crayon;
			productReference = 474911B51BBCB35B002D20B9 /* Crayon.app */;
			productType = "com.apple.product-type.application";
		};
		474911C81BBCB35C002D20B9 /* CrayonTests */ = {
			isa = PBXNativeTarget;
			buildConfigurationList = 474911E01BBCB35C002D20B9 /* Build configuration list for PBXNativeTarget "CrayonTests" */;
			buildPhases = (
				474911C51BBCB35C002D20B9 /* Sources */,
				474911C61BBCB35C002D20B9 /* Frameworks */,
				474911C71BBCB35C002D20B9 /* Resources */,
			);
			buildRules = (
			);
			dependencies = (
				474911CB1BBCB35C002D20B9 /* PBXTargetDependency */,
			);
			name = CrayonTests;
			productName = CrayonTests;
			productReference = 474911C91BBCB35C002D20B9 /* CrayonTests.xctest */;
			productType = "com.apple.product-type.bundle.unit-test";
		};
		474911D31BBCB35C002D20B9 /* CrayonUITests */ = {
			isa = PBXNativeTarget;
			buildConfigurationList = 474911E31BBCB35C002D20B9 /* Build configuration list for PBXNativeTarget "CrayonUITests" */;
			buildPhases = (
				474911D01BBCB35C002D20B9 /* Sources */,
				474911D11BBCB35C002D20B9 /* Frameworks */,
				474911D21BBCB35C002D20B9 /* Resources */,
			);
			buildRules = (
			);
			dependencies = (
				474911D61BBCB35C002D20B9 /* PBXTargetDependency */,
			);
			name = CrayonUITests;
			productName = CrayonUITests;
			productReference = 474911D41BBCB35C002D20B9 /* CrayonUITests.xctest */;
			productType = "com.apple.product-type.bundle.ui-testing";
		};
/* End PBXNativeTarget section */

/* Begin PBXProject section */
		474911AD1BBCB35B002D20B9 /* Project object */ = {
			isa = PBXProject;
			attributes = {
				LastUpgradeCheck = 0700;
				ORGANIZATIONNAME = Zain;
				TargetAttributes = {
					474911B41BBCB35B002D20B9 = {
						CreatedOnToolsVersion = 7.0.1;
					};
					474911C81BBCB35C002D20B9 = {
						CreatedOnToolsVersion = 7.0.1;
						TestTargetID = 474911B41BBCB35B002D20B9;
					};
					474911D31BBCB35C002D20B9 = {
						CreatedOnToolsVersion = 7.0.1;
						TestTargetID = 474911B41BBCB35B002D20B9;
					};
				};
			};
			buildConfigurationList = 474911B01BBCB35B002D20B9 /* Build configuration list for PBXProject "Crayon" */;
			compatibilityVersion = "Xcode 3.2";
			developmentRegion = English;
			hasScannedForEncodings = 0;
			knownRegions = (
				en,
				Base,
			);
			mainGroup = 474911AC1BBCB35B002D20B9;
			productRefGroup = 474911B61BBCB35B002D20B9 /* Products */;
			projectDirPath = "";
			projectRoot = "";
			targets = (
				474911B41BBCB35B002D20B9 /* Crayon */,
				474911C81BBCB35C002D20B9 /* CrayonTests */,
				474911D31BBCB35C002D20B9 /* CrayonUITests */,
			);
		};
/* End PBXProject section */

/* Begin PBXResourcesBuildPhase section */
		474911B31BBCB35B002D20B9 /* Resources */ = {
			isa = PBXResourcesBuildPhase;
			buildActionMask = 2147483647;
			files = (
				474911C31BBCB35B002D20B9 /* LaunchScreen.storyboard in Resources */,
				474911E71BBCBD02002D20B9 /* eraser.png in Resources */,
				474911C01BBCB35B002D20B9 /* Assets.xcassets in Resources */,
				474911BE1BBCB35B002D20B9 /* Main.storyboard in Resources */,
			);
			runOnlyForDeploymentPostprocessing = 0;
		};
		474911C71BBCB35C002D20B9 /* Resources */ = {
			isa = PBXResourcesBuildPhase;
			buildActionMask = 2147483647;
			files = (
			);
			runOnlyForDeploymentPostprocessing = 0;
		};
		474911D21BBCB35C002D20B9 /* Resources */ = {
			isa = PBXResourcesBuildPhase;
			buildActionMask = 2147483647;
			files = (
			);
			runOnlyForDeploymentPostprocessing = 0;
		};
/* End PBXResourcesBuildPhase section */

/* Begin PBXSourcesBuildPhase section */
		474911B11BBCB35B002D20B9 /* Sources */ = {
			isa = PBXSourcesBuildPhase;
			buildActionMask = 2147483647;
			files = (
				474911BB1BBCB35B002D20B9 /* ViewController.swift in Sources */,
				474911B91BBCB35B002D20B9 /* AppDelegate.swift in Sources */,
			);
			runOnlyForDeploymentPostprocessing = 0;
		};
		474911C51BBCB35C002D20B9 /* Sources */ = {
			isa = PBXSourcesBuildPhase;
			buildActionMask = 2147483647;
			files = (
				474911CE1BBCB35C002D20B9 /* CrayonTests.swift in Sources */,
			);
			runOnlyForDeploymentPostprocessing = 0;
		};
		474911D01BBCB35C002D20B9 /* Sources */ = {
			isa = PBXSourcesBuildPhase;
			buildActionMask = 2147483647;
			files = (
				474911D91BBCB35C002D20B9 /* CrayonUITests.swift in Sources */,
			);
			runOnlyForDeploymentPostprocessing = 0;
		};
/* End PBXSourcesBuildPhase section */

/* Begin PBXTargetDependency section */
		474911CB1BBCB35C002D20B9 /* PBXTargetDependency */ = {
			isa = PBXTargetDependency;
			target = 474911B41BBCB35B002D20B9 /* Crayon */;
			targetProxy = 474911CA1BBCB35C002D20B9 /* PBXContainerItemProxy */;
		};
		474911D61BBCB35C002D20B9 /* PBXTargetDependency */ = {
			isa = PBXTargetDependency;
			target = 474911B41BBCB35B002D20B9 /* Crayon */;
			targetProxy = 474911D51BBCB35C002D20B9 /* PBXContainerItemProxy */;
		};
/* End PBXTargetDependency section */

/* Begin PBXVariantGroup section */
		474911BC1BBCB35B002D20B9 /* Main.storyboard */ = {
			isa = PBXVariantGroup;
			children = (
				474911BD1BBCB35B002D20B9 /* Base */,
			);
			name = Main.storyboard;
			sourceTree = "<group>";
		};
		474911C11BBCB35B002D20B9 /* LaunchScreen.storyboard */ = {
			isa = PBXVariantGroup;
			children = (
				474911C21BBCB35B002D20B9 /* Base */,
			);
			name = LaunchScreen.storyboard;
			sourceTree = "<group>";
		};
/* End PBXVariantGroup section */

/* Begin XCBuildConfiguration section */
		474911DB1BBCB35C002D20B9 /* Debug */ = {
			isa = XCBuildConfiguration;
			buildSettings = {
				ALWAYS_SEARCH_USER_PATHS = NO;
				CLANG_CXX_LANGUAGE_STANDARD = "gnu++0x";
				CLANG_CXX_LIBRARY = "libc++";
				CLANG_ENABLE_MODULES = YES;
				CLANG_ENABLE_OBJC_ARC = YES;
				CLANG_WARN_BOOL_CONVERSION = YES;
				CLANG_WARN_CONSTANT_CONVERSION = YES;
				CLANG_WARN_DIRECT_OBJC_ISA_USAGE = YES_ERROR;
				CLANG_WARN_EMPTY_BODY = YES;
				CLANG_WARN_ENUM_CONVERSION = YES;
				CLANG_WARN_INT_CONVERSION = YES;
				CLANG_WARN_OBJC_ROOT_CLASS = YES_ERROR;
				CLANG_WARN_UNREACHABLE_CODE = YES;
				CLANG_WARN__DUPLICATE_METHOD_MATCH = YES;
				"CODE_SIGN_IDENTITY[sdk=iphoneos*]" = "iPhone Developer";
				COPY_PHASE_STRIP = NO;
				DEBUG_INFORMATION_FORMAT = dwarf;
				ENABLE_STRICT_OBJC_MSGSEND = YES;
				ENABLE_TESTABILITY = YES;
				GCC_C_LANGUAGE_STANDARD = gnu99;
				GCC_DYNAMIC_NO_PIC = NO;
				GCC_NO_COMMON_BLOCKS = YES;
				GCC_OPTIMIZATION_LEVEL = 0;
				GCC_PREPROCESSOR_DEFINITIONS = (
					"DEBUG=1",
					"$(inherited)",
				);
				GCC_WARN_64_TO_32_BIT_CONVERSION = YES;
				GCC_WARN_ABOUT_RETURN_TYPE = YES_ERROR;
				GCC_WARN_UNDECLARED_SELECTOR = YES;
				GCC_WARN_UNINITIALIZED_AUTOS = YES_AGGRESSIVE;
				GCC_WARN_UNUSED_FUNCTION = YES;
				GCC_WARN_UNUSED_VARIABLE = YES;
				IPHONEOS_DEPLOYMENT_TARGET = 9.0;
				MTL_ENABLE_DEBUG_INFO = YES;
				ONLY_ACTIVE_ARCH = YES;
				SDKROOT = iphoneos;
				SWIFT_OPTIMIZATION_LEVEL = "-Onone";
			};
			name = Debug;
		};
		474911DC1BBCB35C002D20B9 /* Release */ = {
			isa = XCBuildConfiguration;
			buildSettings = {
				ALWAYS_SEARCH_USER_PATHS = NO;
				CLANG_CXX_LANGUAGE_STANDARD = "gnu++0x";
				CLANG_CXX_LIBRARY = "libc++";
				CLANG_ENABLE_MODULES = YES;
				CLANG_ENABLE_OBJC_ARC = YES;
				CLANG_WARN_BOOL_CONVERSION = YES;
				CLANG_WARN_CONSTANT_CONVERSION = YES;
				CLANG_WARN_DIRECT_OBJC_ISA_USAGE = YES_ERROR;
				CLANG_WARN_EMPTY_BODY = YES;
				CLANG_WARN_ENUM_CONVERSION = YES;
				CLANG_WARN_INT_CONVERSION = YES;
				CLANG_WARN_OBJC_ROOT_CLASS = YES_ERROR;
				CLANG_WARN_UNREACHABLE_CODE = YES;
				CLANG_WARN__DUPLICATE_METHOD_MATCH = YES;
				"CODE_SIGN_IDENTITY[sdk=iphoneos*]" = "iPhone Developer";
				COPY_PHASE_STRIP = NO;
				DEBUG_INFORMATION_FORMAT = "dwarf-with-dsym";
				ENABLE_NS_ASSERTIONS = NO;
				ENABLE_STRICT_OBJC_MSGSEND = YES;
				GCC_C_LANGUAGE_STANDARD = gnu99;
				GCC_NO_COMMON_BLOCKS = YES;
				GCC_WARN_64_TO_32_BIT_CONVERSION = YES;
				GCC_WARN_ABOUT_RETURN_TYPE = YES_ERROR;
				GCC_WARN_UNDECLARED_SELECTOR = YES;
				GCC_WARN_UNINITIALIZED_AUTOS = YES_AGGRESSIVE;
				GCC_WARN_UNUSED_FUNCTION = YES;
				GCC_WARN_UNUSED_VARIABLE = YES;
				IPHONEOS_DEPLOYMENT_TARGET = 9.0;
				MTL_ENABLE_DEBUG_INFO = NO;
				SDKROOT = iphoneos;
				VALIDATE_PRODUCT = YES;
			};
			name = Release;
		};
		474911DE1BBCB35C002D20B9 /* Debug */ = {
			isa = XCBuildConfiguration;
			buildSettings = {
				ASSETCATALOG_COMPILER_APPICON_NAME = AppIcon;
				INFOPLIST_FILE = Crayon/Info.plist;
				LD_RUNPATH_SEARCH_PATHS = "$(inherited) @executable_path/Frameworks";
				PRODUCT_BUNDLE_IDENTIFIER = Appster.Crayon;
				PRODUCT_NAME = "$(TARGET_NAME)";
			};
			name = Debug;
		};
		474911DF1BBCB35C002D20B9 /* Release */ = {
			isa = XCBuildConfiguration;
			buildSettings = {
				ASSETCATALOG_COMPILER_APPICON_NAME = AppIcon;
				INFOPLIST_FILE = Crayon/Info.plist;
				LD_RUNPATH_SEARCH_PATHS = "$(inherited) @executable_path/Frameworks";
				PRODUCT_BUNDLE_IDENTIFIER = Appster.Crayon;
				PRODUCT_NAME = "$(TARGET_NAME)";
			};
			name = Release;
		};
		474911E11BBCB35C002D20B9 /* Debug */ = {
			isa = XCBuildConfiguration;
			buildSettings = {
				BUNDLE_LOADER = "$(TEST_HOST)";
				INFOPLIST_FILE = CrayonTests/Info.plist;
				LD_RUNPATH_SEARCH_PATHS = "$(inherited) @executable_path/Frameworks @loader_path/Frameworks";
				PRODUCT_BUNDLE_IDENTIFIER = Appster.CrayonTests;
				PRODUCT_NAME = "$(TARGET_NAME)";
				TEST_HOST = "$(BUILT_PRODUCTS_DIR)/Crayon.app/Crayon";
			};
			name = Debug;
		};
		474911E21BBCB35C002D20B9 /* Release */ = {
			isa = XCBuildConfiguration;
			buildSettings = {
				BUNDLE_LOADER = "$(TEST_HOST)";
				INFOPLIST_FILE = CrayonTests/Info.plist;
				LD_RUNPATH_SEARCH_PATHS = "$(inherited) @executable_path/Frameworks @loader_path/Frameworks";
				PRODUCT_BUNDLE_IDENTIFIER = Appster.CrayonTests;
				PRODUCT_NAME = "$(TARGET_NAME)";
				TEST_HOST = "$(BUILT_PRODUCTS_DIR)/Crayon.app/Crayon";
			};
			name = Release;
		};
		474911E41BBCB35C002D20B9 /* Debug */ = {
			isa = XCBuildConfiguration;
			buildSettings = {
				INFOPLIST_FILE = CrayonUITests/Info.plist;
				LD_RUNPATH_SEARCH_PATHS = "$(inherited) @executable_path/Frameworks @loader_path/Frameworks";
				PRODUCT_BUNDLE_IDENTIFIER = Appster.CrayonUITests;
				PRODUCT_NAME = "$(TARGET_NAME)";
				TEST_TARGET_NAME = Crayon;
				USES_XCTRUNNER = YES;
			};
			name = Debug;
		};
		474911E51BBCB35C002D20B9 /* Release */ = {
			isa = XCBuildConfiguration;
			buildSettings = {
				INFOPLIST_FILE = CrayonUITests/Info.plist;
				LD_RUNPATH_SEARCH_PATHS = "$(inherited) @executable_path/Frameworks @loader_path/Frameworks";
				PRODUCT_BUNDLE_IDENTIFIER = Appster.CrayonUITests;
				PRODUCT_NAME = "$(TARGET_NAME)";
				TEST_TARGET_NAME = Crayon;
				USES_XCTRUNNER = YES;
			};
			name = Release;
		};
/* End XCBuildConfiguration section */

/* Begin XCConfigurationList section */
		474911B01BBCB35B002D20B9 /* Build configuration list for PBXProject "Crayon" */ = {
			isa = XCConfigurationList;
			buildConfigurations = (
				474911DB1BBCB35C002D20B9 /* Debug */,
				474911DC1BBCB35C002D20B9 /* Release */,
			);
			defaultConfigurationIsVisible = 0;
			defaultConfigurationName = Release;
		};
		474911DD1BBCB35C002D20B9 /* Build configuration list for PBXNativeTarget "Crayon" */ = {
			isa = XCConfigurationList;
			buildConfigurations = (
				474911DE1BBCB35C002D20B9 /* Debug */,
				474911DF1BBCB35C002D20B9 /* Release */,
			);
			defaultConfigurationIsVisible = 0;
		};
		474911E01BBCB35C002D20B9 /* Build configuration list for PBXNativeTarget "CrayonTests" */ = {
			isa = XCConfigurationList;
			buildConfigurations = (
				474911E11BBCB35C002D20B9 /* Debug */,
				474911E21BBCB35C002D20B9 /* Release */,
			);
			defaultConfigurationIsVisible = 0;
		};
		474911E31BBCB35C002D20B9 /* Build configuration list for PBXNativeTarget "CrayonUITests" */ = {
			isa = XCConfigurationList;
			buildConfigurations = (
				474911E41BBCB35C002D20B9 /* Debug */,
				474911E51BBCB35C002D20B9 /* Release */,
			);
			defaultConfigurationIsVisible = 0;
		};
/* End XCConfigurationList section */
	};
	rootObject = 474911AD1BBCB35B002D20B9 /* Project object */;
}
